// !$*UTF8*$!
{
	archiveVersion = 1;
	classes = {
	};
	objectVersion = 46;
	objects = {

/* Begin PBXBuildFile section */
		5B104EB11B0C8CF000912681 /* UIKitExtensions.swift in Sources */ = {isa = PBXBuildFile; fileRef = 5B104EB01B0C8CF000912681 /* UIKitExtensions.swift */; };
		5B28A1771B29941D009A3EBF /* about.txt in Resources */ = {isa = PBXBuildFile; fileRef = 5B28A1761B29941D009A3EBF /* about.txt */; };
		5B28A1791B299A50009A3EBF /* 3rdparty.txt in Resources */ = {isa = PBXBuildFile; fileRef = 5B28A1781B299A50009A3EBF /* 3rdparty.txt */; };
		5B28A17D1B29A31B009A3EBF /* LICENSE in Resources */ = {isa = PBXBuildFile; fileRef = 5B28A17C1B29A31B009A3EBF /* LICENSE */; };
		5B28A17F1B29A3F6009A3EBF /* AckViewController.swift in Sources */ = {isa = PBXBuildFile; fileRef = 5B28A17E1B29A3F6009A3EBF /* AckViewController.swift */; };
		5B28A1811B29A712009A3EBF /* RankingDetailViewController.swift in Sources */ = {isa = PBXBuildFile; fileRef = 5B28A1801B29A712009A3EBF /* RankingDetailViewController.swift */; };
		5B28A1831B29A7DA009A3EBF /* SailorCell.swift in Sources */ = {isa = PBXBuildFile; fileRef = 5B28A1821B29A7DA009A3EBF /* SailorCell.swift */; };
		5B28A1851B29AB04009A3EBF /* RegattaDetailCell.swift in Sources */ = {isa = PBXBuildFile; fileRef = 5B28A1841B29AB04009A3EBF /* RegattaDetailCell.swift */; };
		5B28A1871B29C43F009A3EBF /* RegattaEntry.swift in Sources */ = {isa = PBXBuildFile; fileRef = 5B28A1861B29C43F009A3EBF /* RegattaEntry.swift */; };
		5B3C6A561B0B5A940099A65C /* AppDelegate.swift in Sources */ = {isa = PBXBuildFile; fileRef = 5B3C6A551B0B5A940099A65C /* AppDelegate.swift */; };
		5B3C6A5D1B0B5A940099A65C /* Main.storyboard in Resources */ = {isa = PBXBuildFile; fileRef = 5B3C6A5B1B0B5A940099A65C /* Main.storyboard */; };
		5B3C6A5F1B0B5A940099A65C /* Images.xcassets in Resources */ = {isa = PBXBuildFile; fileRef = 5B3C6A5E1B0B5A940099A65C /* Images.xcassets */; };
		5B3C6A621B0B5A940099A65C /* LaunchScreen.xib in Resources */ = {isa = PBXBuildFile; fileRef = 5B3C6A601B0B5A940099A65C /* LaunchScreen.xib */; };
		5B3C6A7A1B0B625D0099A65C /* RegattaListViewController.swift in Sources */ = {isa = PBXBuildFile; fileRef = 5B3C6A791B0B625D0099A65C /* RegattaListViewController.swift */; };
		5B3C6A7C1B0B6D590099A65C /* RegattaListCell.swift in Sources */ = {isa = PBXBuildFile; fileRef = 5B3C6A7B1B0B6D590099A65C /* RegattaListCell.swift */; };
		5B543E481B0BD74B000271BE /* RegattaDetailViewController.swift in Sources */ = {isa = PBXBuildFile; fileRef = 5B543E471B0BD74B000271BE /* RegattaDetailViewController.swift */; };
		5BA4EC231B0DC5130031A042 /* FontAwesome.swift in Sources */ = {isa = PBXBuildFile; fileRef = 5BA4EC221B0DC5130031A042 /* FontAwesome.swift */; };
		5BA4EC281B0DDA2B0031A042 /* Constants.swift in Sources */ = {isa = PBXBuildFile; fileRef = 5BA4EC271B0DDA2B0031A042 /* Constants.swift */; };
		5BA4EC2B1B0E01B10031A042 /* SimpleDataProvider.swift in Sources */ = {isa = PBXBuildFile; fileRef = 5BA4EC2A1B0E01B10031A042 /* SimpleDataProvider.swift */; };
		5BAFD8611B2198C9002654F0 /* sample.json in Resources */ = {isa = PBXBuildFile; fileRef = 5BAFD8601B2198C9002654F0 /* sample.json */; };
		5BC45C1D1B29819A00FAA0C7 /* AboutViewController.swift in Sources */ = {isa = PBXBuildFile; fileRef = 5BC45C1C1B29819A00FAA0C7 /* AboutViewController.swift */; };
		5BCA48691B20919500E51362 /* AssetsLibrary.framework in Frameworks */ = {isa = PBXBuildFile; fileRef = 5BCA48681B20919500E51362 /* AssetsLibrary.framework */; };
		5BCA486D1B2091B900E51362 /* CoreGraphics.framework in Frameworks */ = {isa = PBXBuildFile; fileRef = 5BCA486A1B2091B900E51362 /* CoreGraphics.framework */; };
		5BCA486E1B2091B900E51362 /* CoreText.framework in Frameworks */ = {isa = PBXBuildFile; fileRef = 5BCA486B1B2091B900E51362 /* CoreText.framework */; };
		5BCA486F1B2091B900E51362 /* MobileCoreServices.framework in Frameworks */ = {isa = PBXBuildFile; fileRef = 5BCA486C1B2091B900E51362 /* MobileCoreServices.framework */; };
		5BCA48731B2091D000E51362 /* QuartzCore.framework in Frameworks */ = {isa = PBXBuildFile; fileRef = 5BCA48701B2091D000E51362 /* QuartzCore.framework */; };
		5BCA48741B2091D000E51362 /* QuickLook.framework in Frameworks */ = {isa = PBXBuildFile; fileRef = 5BCA48711B2091D000E51362 /* QuickLook.framework */; };
		5BCA48751B2091D000E51362 /* Security.framework in Frameworks */ = {isa = PBXBuildFile; fileRef = 5BCA48721B2091D000E51362 /* Security.framework */; };
		5BCA487B1B20928200E51362 /* HockeySDK.framework in Frameworks */ = {isa = PBXBuildFile; fileRef = 5BCA48771B20928200E51362 /* HockeySDK.framework */; };
		5BCA487C1B20928200E51362 /* HockeySDK.xcconfig in Resources */ = {isa = PBXBuildFile; fileRef = 5BCA48791B20928200E51362 /* HockeySDK.xcconfig */; };
		5BCA487D1B20928200E51362 /* HockeySDKResources.bundle in Resources */ = {isa = PBXBuildFile; fileRef = 5BCA487A1B20928200E51362 /* HockeySDKResources.bundle */; };
		5BD1752C1B14A44D00C7F5EB /* RankingListViewController.swift in Sources */ = {isa = PBXBuildFile; fileRef = 5BD1752B1B14A44D00C7F5EB /* RankingListViewController.swift */; };
		5BD1752E1B14A6F600C7F5EB /* Fetcher.swift in Sources */ = {isa = PBXBuildFile; fileRef = 5BD1752D1B14A6F600C7F5EB /* Fetcher.swift */; };
		5BD175301B14AC5F00C7F5EB /* RankingEntry.swift in Sources */ = {isa = PBXBuildFile; fileRef = 5BD1752F1B14AC5F00C7F5EB /* RankingEntry.swift */; };
		5BD175321B14CD7A00C7F5EB /* RankingListCell.swift in Sources */ = {isa = PBXBuildFile; fileRef = 5BD175311B14CD7A00C7F5EB /* RankingListCell.swift */; };
		5BD6EAF51B209F100078EB0D /* aRegattas.json in Resources */ = {isa = PBXBuildFile; fileRef = 5BD6EAF41B209F100078EB0D /* aRegattas.json */; };
		5BDA004F1B1744AA0027EB5A /* FontAwesome.otf in Resources */ = {isa = PBXBuildFile; fileRef = 5BDA004E1B17449F0027EB5A /* FontAwesome.otf */; };
/* End PBXBuildFile section */

/* Begin PBXCopyFilesBuildPhase section */
		5BAFD88A1B21B5E3002654F0 /* Embed App Extensions */ = {
			isa = PBXCopyFilesBuildPhase;
			buildActionMask = 2147483647;
			dstPath = "";
			dstSubfolderSpec = 13;
			files = (
			);
			name = "Embed App Extensions";
			runOnlyForDeploymentPostprocessing = 0;
		};
/* End PBXCopyFilesBuildPhase section */

/* Begin PBXFileReference section */
		5B104EB01B0C8CF000912681 /* UIKitExtensions.swift */ = {isa = PBXFileReference; fileEncoding = 4; lastKnownFileType = sourcecode.swift; path = UIKitExtensions.swift; sourceTree = "<group>"; };
		5B28A1761B29941D009A3EBF /* about.txt */ = {isa = PBXFileReference; fileEncoding = 4; lastKnownFileType = text; path = about.txt; sourceTree = "<group>"; };
		5B28A1781B299A50009A3EBF /* 3rdparty.txt */ = {isa = PBXFileReference; fileEncoding = 4; lastKnownFileType = text; path = 3rdparty.txt; sourceTree = "<group>"; };
		5B28A17A1B299C86009A3EBF /* README.md */ = {isa = PBXFileReference; fileEncoding = 4; lastKnownFileType = net.daringfireball.markdown; path = README.md; sourceTree = "<group>"; };
		5B28A17C1B29A31B009A3EBF /* LICENSE */ = {isa = PBXFileReference; fileEncoding = 4; lastKnownFileType = text; path = LICENSE; sourceTree = "<group>"; };
		5B28A17E1B29A3F6009A3EBF /* AckViewController.swift */ = {isa = PBXFileReference; fileEncoding = 4; lastKnownFileType = sourcecode.swift; path = AckViewController.swift; sourceTree = "<group>"; };
		5B28A1801B29A712009A3EBF /* RankingDetailViewController.swift */ = {isa = PBXFileReference; fileEncoding = 4; lastKnownFileType = sourcecode.swift; path = RankingDetailViewController.swift; sourceTree = "<group>"; };
		5B28A1821B29A7DA009A3EBF /* SailorCell.swift */ = {isa = PBXFileReference; fileEncoding = 4; lastKnownFileType = sourcecode.swift; path = SailorCell.swift; sourceTree = "<group>"; };
		5B28A1841B29AB04009A3EBF /* RegattaDetailCell.swift */ = {isa = PBXFileReference; fileEncoding = 4; lastKnownFileType = sourcecode.swift; path = RegattaDetailCell.swift; sourceTree = "<group>"; };
		5B28A1861B29C43F009A3EBF /* RegattaEntry.swift */ = {isa = PBXFileReference; fileEncoding = 4; lastKnownFileType = sourcecode.swift; path = RegattaEntry.swift; sourceTree = "<group>"; };
		5B3C6A501B0B5A940099A65C /* Rangliste-A-Swift.app */ = {isa = PBXFileReference; explicitFileType = wrapper.application; includeInIndex = 0; path = "Rangliste-A-Swift.app"; sourceTree = BUILT_PRODUCTS_DIR; };
		5B3C6A541B0B5A940099A65C /* Info.plist */ = {isa = PBXFileReference; lastKnownFileType = text.plist.xml; path = Info.plist; sourceTree = "<group>"; };
		5B3C6A551B0B5A940099A65C /* AppDelegate.swift */ = {isa = PBXFileReference; lastKnownFileType = sourcecode.swift; path = AppDelegate.swift; sourceTree = "<group>"; };
		5B3C6A5C1B0B5A940099A65C /* Base */ = {isa = PBXFileReference; lastKnownFileType = file.storyboard; name = Base; path = Base.lproj/Main.storyboard; sourceTree = "<group>"; };
		5B3C6A5E1B0B5A940099A65C /* Images.xcassets */ = {isa = PBXFileReference; lastKnownFileType = folder.assetcatalog; path = Images.xcassets; sourceTree = "<group>"; };
		5B3C6A611B0B5A940099A65C /* Base */ = {isa = PBXFileReference; lastKnownFileType = file.xib; name = Base; path = Base.lproj/LaunchScreen.xib; sourceTree = "<group>"; };
		5B3C6A791B0B625D0099A65C /* RegattaListViewController.swift */ = {isa = PBXFileReference; fileEncoding = 4; lastKnownFileType = sourcecode.swift; path = RegattaListViewController.swift; sourceTree = "<group>"; };
		5B3C6A7B1B0B6D590099A65C /* RegattaListCell.swift */ = {isa = PBXFileReference; fileEncoding = 4; lastKnownFileType = sourcecode.swift; path = RegattaListCell.swift; sourceTree = "<group>"; };
		5B543E471B0BD74B000271BE /* RegattaDetailViewController.swift */ = {isa = PBXFileReference; fileEncoding = 4; lastKnownFileType = sourcecode.swift; path = RegattaDetailViewController.swift; sourceTree = "<group>"; };
		5B71DE4B1B1597DF009B607B /* README.md */ = {isa = PBXFileReference; fileEncoding = 4; lastKnownFileType = net.daringfireball.markdown; path = README.md; sourceTree = SOURCE_ROOT; };
		5BA4EC221B0DC5130031A042 /* FontAwesome.swift */ = {isa = PBXFileReference; fileEncoding = 4; lastKnownFileType = sourcecode.swift; path = FontAwesome.swift; sourceTree = "<group>"; };
		5BA4EC271B0DDA2B0031A042 /* Constants.swift */ = {isa = PBXFileReference; fileEncoding = 4; lastKnownFileType = sourcecode.swift; path = Constants.swift; sourceTree = "<group>"; };
		5BA4EC2A1B0E01B10031A042 /* SimpleDataProvider.swift */ = {isa = PBXFileReference; fileEncoding = 4; lastKnownFileType = sourcecode.swift; path = SimpleDataProvider.swift; sourceTree = "<group>"; };
		5BAFD8601B2198C9002654F0 /* sample.json */ = {isa = PBXFileReference; fileEncoding = 4; lastKnownFileType = text.json; path = sample.json; sourceTree = "<group>"; };
		5BC45C1C1B29819A00FAA0C7 /* AboutViewController.swift */ = {isa = PBXFileReference; fileEncoding = 4; lastKnownFileType = sourcecode.swift; path = AboutViewController.swift; sourceTree = "<group>"; };
		5BCA48681B20919500E51362 /* AssetsLibrary.framework */ = {isa = PBXFileReference; lastKnownFileType = wrapper.framework; name = AssetsLibrary.framework; path = System/Library/Frameworks/AssetsLibrary.framework; sourceTree = SDKROOT; };
		5BCA486A1B2091B900E51362 /* CoreGraphics.framework */ = {isa = PBXFileReference; lastKnownFileType = wrapper.framework; name = CoreGraphics.framework; path = System/Library/Frameworks/CoreGraphics.framework; sourceTree = SDKROOT; };
		5BCA486B1B2091B900E51362 /* CoreText.framework */ = {isa = PBXFileReference; lastKnownFileType = wrapper.framework; name = CoreText.framework; path = System/Library/Frameworks/CoreText.framework; sourceTree = SDKROOT; };
		5BCA486C1B2091B900E51362 /* MobileCoreServices.framework */ = {isa = PBXFileReference; lastKnownFileType = wrapper.framework; name = MobileCoreServices.framework; path = System/Library/Frameworks/MobileCoreServices.framework; sourceTree = SDKROOT; };
		5BCA48701B2091D000E51362 /* QuartzCore.framework */ = {isa = PBXFileReference; lastKnownFileType = wrapper.framework; name = QuartzCore.framework; path = System/Library/Frameworks/QuartzCore.framework; sourceTree = SDKROOT; };
		5BCA48711B2091D000E51362 /* QuickLook.framework */ = {isa = PBXFileReference; lastKnownFileType = wrapper.framework; name = QuickLook.framework; path = System/Library/Frameworks/QuickLook.framework; sourceTree = SDKROOT; };
		5BCA48721B2091D000E51362 /* Security.framework */ = {isa = PBXFileReference; lastKnownFileType = wrapper.framework; name = Security.framework; path = System/Library/Frameworks/Security.framework; sourceTree = SDKROOT; };
		5BCA48771B20928200E51362 /* HockeySDK.framework */ = {isa = PBXFileReference; lastKnownFileType = wrapper.framework; path = HockeySDK.framework; sourceTree = "<group>"; };
		5BCA48791B20928200E51362 /* HockeySDK.xcconfig */ = {isa = PBXFileReference; fileEncoding = 4; lastKnownFileType = text.xcconfig; path = HockeySDK.xcconfig; sourceTree = "<group>"; };
		5BCA487A1B20928200E51362 /* HockeySDKResources.bundle */ = {isa = PBXFileReference; lastKnownFileType = "wrapper.plug-in"; path = HockeySDKResources.bundle; sourceTree = "<group>"; };
		5BD1752B1B14A44D00C7F5EB /* RankingListViewController.swift */ = {isa = PBXFileReference; fileEncoding = 4; lastKnownFileType = sourcecode.swift; path = RankingListViewController.swift; sourceTree = "<group>"; };
		5BD1752D1B14A6F600C7F5EB /* Fetcher.swift */ = {isa = PBXFileReference; fileEncoding = 4; lastKnownFileType = sourcecode.swift; path = Fetcher.swift; sourceTree = "<group>"; };
		5BD1752F1B14AC5F00C7F5EB /* RankingEntry.swift */ = {isa = PBXFileReference; fileEncoding = 4; lastKnownFileType = sourcecode.swift; path = RankingEntry.swift; sourceTree = "<group>"; };
		5BD175311B14CD7A00C7F5EB /* RankingListCell.swift */ = {isa = PBXFileReference; fileEncoding = 4; lastKnownFileType = sourcecode.swift; path = RankingListCell.swift; sourceTree = "<group>"; };
		5BD6EAF41B209F100078EB0D /* aRegattas.json */ = {isa = PBXFileReference; fileEncoding = 4; lastKnownFileType = text.json; path = aRegattas.json; sourceTree = "<group>"; };
		5BDA004E1B17449F0027EB5A /* FontAwesome.otf */ = {isa = PBXFileReference; lastKnownFileType = file; path = FontAwesome.otf; sourceTree = "<group>"; };
/* End PBXFileReference section */

/* Begin PBXFrameworksBuildPhase section */
		5B3C6A4D1B0B5A940099A65C /* Frameworks */ = {
			isa = PBXFrameworksBuildPhase;
			buildActionMask = 2147483647;
			files = (
				5BCA48731B2091D000E51362 /* QuartzCore.framework in Frameworks */,
				5BCA48741B2091D000E51362 /* QuickLook.framework in Frameworks */,
				5BCA48751B2091D000E51362 /* Security.framework in Frameworks */,
				5BCA486D1B2091B900E51362 /* CoreGraphics.framework in Frameworks */,
				5BCA487B1B20928200E51362 /* HockeySDK.framework in Frameworks */,
				5BCA486E1B2091B900E51362 /* CoreText.framework in Frameworks */,
				5BCA486F1B2091B900E51362 /* MobileCoreServices.framework in Frameworks */,
				5BCA48691B20919500E51362 /* AssetsLibrary.framework in Frameworks */,
			);
			runOnlyForDeploymentPostprocessing = 0;
		};
/* End PBXFrameworksBuildPhase section */

/* Begin PBXGroup section */
		5B3C6A471B0B5A940099A65C = {
			isa = PBXGroup;
			children = (
				5BD6EAF41B209F100078EB0D /* aRegattas.json */,
				5BAFD8601B2198C9002654F0 /* sample.json */,
				5B28A1761B29941D009A3EBF /* about.txt */,
				5B28A1781B299A50009A3EBF /* 3rdparty.txt */,
				5B28A17A1B299C86009A3EBF /* README.md */,
				5B28A17C1B29A31B009A3EBF /* LICENSE */,
				5BCA48761B20928200E51362 /* HockeySDK.embeddedframework */,
				5BCA48701B2091D000E51362 /* QuartzCore.framework */,
				5BCA48711B2091D000E51362 /* QuickLook.framework */,
				5BCA48721B2091D000E51362 /* Security.framework */,
				5BCA486A1B2091B900E51362 /* CoreGraphics.framework */,
				5BCA486B1B2091B900E51362 /* CoreText.framework */,
				5BCA486C1B2091B900E51362 /* MobileCoreServices.framework */,
				5BCA48681B20919500E51362 /* AssetsLibrary.framework */,
				5B3C6A521B0B5A940099A65C /* Rang */,
				5B3C6A511B0B5A940099A65C /* Products */,
			);
			sourceTree = "<group>";
		};
		5B3C6A511B0B5A940099A65C /* Products */ = {
			isa = PBXGroup;
			children = (
				5B3C6A501B0B5A940099A65C /* Rangliste-A-Swift.app */,
			);
			name = Products;
			sourceTree = "<group>";
		};
		5B3C6A521B0B5A940099A65C /* Rang */ = {
			isa = PBXGroup;
			children = (
				5BDA004E1B17449F0027EB5A /* FontAwesome.otf */,
				5B3C6A551B0B5A940099A65C /* AppDelegate.swift */,
				5BD1752F1B14AC5F00C7F5EB /* RankingEntry.swift */,
				5B28A1861B29C43F009A3EBF /* RegattaEntry.swift */,
				5BD1752D1B14A6F600C7F5EB /* Fetcher.swift */,
				5BA4EC271B0DDA2B0031A042 /* Constants.swift */,
				5BA4EC2A1B0E01B10031A042 /* SimpleDataProvider.swift */,
				5B3C6A791B0B625D0099A65C /* RegattaListViewController.swift */,
				5B543E471B0BD74B000271BE /* RegattaDetailViewController.swift */,
				5BD1752B1B14A44D00C7F5EB /* RankingListViewController.swift */,
				5B28A1801B29A712009A3EBF /* RankingDetailViewController.swift */,
				5BC45C1C1B29819A00FAA0C7 /* AboutViewController.swift */,
				5B28A17E1B29A3F6009A3EBF /* AckViewController.swift */,
				5BA4EC221B0DC5130031A042 /* FontAwesome.swift */,
				5B104EB01B0C8CF000912681 /* UIKitExtensions.swift */,
				5B3C6A7B1B0B6D590099A65C /* RegattaListCell.swift */,
				5BD175311B14CD7A00C7F5EB /* RankingListCell.swift */,
				5B28A1821B29A7DA009A3EBF /* SailorCell.swift */,
				5B28A1841B29AB04009A3EBF /* RegattaDetailCell.swift */,
				5B3C6A5B1B0B5A940099A65C /* Main.storyboard */,
				5B3C6A5E1B0B5A940099A65C /* Images.xcassets */,
				5B3C6A601B0B5A940099A65C /* LaunchScreen.xib */,
				5B3C6A531B0B5A940099A65C /* Supporting Files */,
			);
			path = Rang;
			sourceTree = "<group>";
		};
		5B3C6A531B0B5A940099A65C /* Supporting Files */ = {
			isa = PBXGroup;
			children = (
				5B71DE4B1B1597DF009B607B /* README.md */,
				5B3C6A541B0B5A940099A65C /* Info.plist */,
			);
			name = "Supporting Files";
			sourceTree = "<group>";
		};
		5BCA48761B20928200E51362 /* HockeySDK.embeddedframework */ = {
			isa = PBXGroup;
			children = (
				5BCA48771B20928200E51362 /* HockeySDK.framework */,
				5BCA48781B20928200E51362 /* Resources */,
			);
			name = HockeySDK.embeddedframework;
			path = Vendor/HockeySDK.embeddedframework;
			sourceTree = "<group>";
		};
		5BCA48781B20928200E51362 /* Resources */ = {
			isa = PBXGroup;
			children = (
				5BCA48791B20928200E51362 /* HockeySDK.xcconfig */,
				5BCA487A1B20928200E51362 /* HockeySDKResources.bundle */,
			);
			path = Resources;
			sourceTree = "<group>";
		};
/* End PBXGroup section */

/* Begin PBXNativeTarget section */
		5B3C6A4F1B0B5A940099A65C /* Rangliste-A-Swift */ = {
			isa = PBXNativeTarget;
			buildConfigurationList = 5B3C6A711B0B5A940099A65C /* Build configuration list for PBXNativeTarget "Rangliste-A-Swift" */;
			buildPhases = (
				5B3C6A4C1B0B5A940099A65C /* Sources */,
				5B3C6A4D1B0B5A940099A65C /* Frameworks */,
				5B3C6A4E1B0B5A940099A65C /* Resources */,
				5BAFD88A1B21B5E3002654F0 /* Embed App Extensions */,
			);
			buildRules = (
			);
			dependencies = (
			);
			name = "Rangliste-A-Swift";
			productName = Rang;
			productReference = 5B3C6A501B0B5A940099A65C /* Rangliste-A-Swift.app */;
			productType = "com.apple.product-type.application";
		};
/* End PBXNativeTarget section */

/* Begin PBXProject section */
		5B3C6A481B0B5A940099A65C /* Project object */ = {
			isa = PBXProject;
			attributes = {
				LastUpgradeCheck = 0630;
				ORGANIZATIONNAME = "JAKOTA Design Group";
				TargetAttributes = {
					5B3C6A4F1B0B5A940099A65C = {
						CreatedOnToolsVersion = 6.3.1;
						DevelopmentTeam = UQ24M9LT38;
					};
				};
			};
			buildConfigurationList = 5B3C6A4B1B0B5A940099A65C /* Build configuration list for PBXProject "Rangliste-A-Swift" */;
			compatibilityVersion = "Xcode 3.2";
			developmentRegion = English;
			hasScannedForEncodings = 0;
			knownRegions = (
				en,
				Base,
			);
			mainGroup = 5B3C6A471B0B5A940099A65C;
			productRefGroup = 5B3C6A511B0B5A940099A65C /* Products */;
			projectDirPath = "";
			projectRoot = "";
			targets = (
				5B3C6A4F1B0B5A940099A65C /* Rangliste-A-Swift */,
			);
		};
/* End PBXProject section */

/* Begin PBXResourcesBuildPhase section */
		5B3C6A4E1B0B5A940099A65C /* Resources */ = {
			isa = PBXResourcesBuildPhase;
			buildActionMask = 2147483647;
			files = (
				5BDA004F1B1744AA0027EB5A /* FontAwesome.otf in Resources */,
				5BCA487C1B20928200E51362 /* HockeySDK.xcconfig in Resources */,
				5B28A1771B29941D009A3EBF /* about.txt in Resources */,
				5B28A1791B299A50009A3EBF /* 3rdparty.txt in Resources */,
				5B3C6A5D1B0B5A940099A65C /* Main.storyboard in Resources */,
				5B28A17D1B29A31B009A3EBF /* LICENSE in Resources */,
				5BD6EAF51B209F100078EB0D /* aRegattas.json in Resources */,
				5B3C6A621B0B5A940099A65C /* LaunchScreen.xib in Resources */,
				5BAFD8611B2198C9002654F0 /* sample.json in Resources */,
				5B3C6A5F1B0B5A940099A65C /* Images.xcassets in Resources */,
				5BCA487D1B20928200E51362 /* HockeySDKResources.bundle in Resources */,
			);
			runOnlyForDeploymentPostprocessing = 0;
		};
/* End PBXResourcesBuildPhase section */

/* Begin PBXSourcesBuildPhase section */
		5B3C6A4C1B0B5A940099A65C /* Sources */ = {
			isa = PBXSourcesBuildPhase;
			buildActionMask = 2147483647;
			files = (
				5B3C6A7C1B0B6D590099A65C /* RegattaListCell.swift in Sources */,
				5B3C6A561B0B5A940099A65C /* AppDelegate.swift in Sources */,
				5BD1752C1B14A44D00C7F5EB /* RankingListViewController.swift in Sources */,
				5BD1752E1B14A6F600C7F5EB /* Fetcher.swift in Sources */,
				5BA4EC2B1B0E01B10031A042 /* SimpleDataProvider.swift in Sources */,
				5BD175301B14AC5F00C7F5EB /* RankingEntry.swift in Sources */,
				5B104EB11B0C8CF000912681 /* UIKitExtensions.swift in Sources */,
				5B543E481B0BD74B000271BE /* RegattaDetailViewController.swift in Sources */,
				5B28A1811B29A712009A3EBF /* RankingDetailViewController.swift in Sources */,
				5B28A1851B29AB04009A3EBF /* RegattaDetailCell.swift in Sources */,
				5BA4EC281B0DDA2B0031A042 /* Constants.swift in Sources */,
				5BA4EC231B0DC5130031A042 /* FontAwesome.swift in Sources */,
				5B28A1831B29A7DA009A3EBF /* SailorCell.swift in Sources */,
				5BD175321B14CD7A00C7F5EB /* RankingListCell.swift in Sources */,
				5BC45C1D1B29819A00FAA0C7 /* AboutViewController.swift in Sources */,
				5B28A17F1B29A3F6009A3EBF /* AckViewController.swift in Sources */,
				5B3C6A7A1B0B625D0099A65C /* RegattaListViewController.swift in Sources */,
				5B28A1871B29C43F009A3EBF /* RegattaEntry.swift in Sources */,
			);
			runOnlyForDeploymentPostprocessing = 0;
		};
/* End PBXSourcesBuildPhase section */

/* Begin PBXVariantGroup section */
		5B3C6A5B1B0B5A940099A65C /* Main.storyboard */ = {
			isa = PBXVariantGroup;
			children = (
				5B3C6A5C1B0B5A940099A65C /* Base */,
			);
			name = Main.storyboard;
			sourceTree = "<group>";
		};
		5B3C6A601B0B5A940099A65C /* LaunchScreen.xib */ = {
			isa = PBXVariantGroup;
			children = (
				5B3C6A611B0B5A940099A65C /* Base */,
			);
			name = LaunchScreen.xib;
			sourceTree = "<group>";
		};
/* End PBXVariantGroup section */

/* Begin XCBuildConfiguration section */
		5B3C6A6F1B0B5A940099A65C /* Debug */ = {
			isa = XCBuildConfiguration;
			buildSettings = {
				ALWAYS_SEARCH_USER_PATHS = NO;
				CLANG_CXX_LANGUAGE_STANDARD = "gnu++0x";
				CLANG_CXX_LIBRARY = "libc++";
				CLANG_ENABLE_MODULES = YES;
				CLANG_ENABLE_OBJC_ARC = YES;
				CLANG_WARN_BOOL_CONVERSION = YES;
				CLANG_WARN_CONSTANT_CONVERSION = YES;
				CLANG_WARN_DIRECT_OBJC_ISA_USAGE = YES_ERROR;
				CLANG_WARN_EMPTY_BODY = YES;
				CLANG_WARN_ENUM_CONVERSION = YES;
				CLANG_WARN_INT_CONVERSION = YES;
				CLANG_WARN_OBJC_ROOT_CLASS = YES_ERROR;
				CLANG_WARN_UNREACHABLE_CODE = YES;
				CLANG_WARN__DUPLICATE_METHOD_MATCH = YES;
				CODE_SIGN_IDENTITY = "iPhone Developer";
				"CODE_SIGN_IDENTITY[sdk=iphoneos*]" = "iPhone Developer";
				COPY_PHASE_STRIP = NO;
				DEBUG_INFORMATION_FORMAT = "dwarf-with-dsym";
				ENABLE_STRICT_OBJC_MSGSEND = YES;
				GCC_C_LANGUAGE_STANDARD = gnu99;
				GCC_DYNAMIC_NO_PIC = NO;
				GCC_NO_COMMON_BLOCKS = YES;
				GCC_OPTIMIZATION_LEVEL = 0;
				GCC_PREPROCESSOR_DEFINITIONS = (
					"DEBUG=1",
					"$(inherited)",
				);
				GCC_SYMBOLS_PRIVATE_EXTERN = NO;
				GCC_WARN_64_TO_32_BIT_CONVERSION = YES;
				GCC_WARN_ABOUT_RETURN_TYPE = YES_ERROR;
				GCC_WARN_UNDECLARED_SELECTOR = YES;
				GCC_WARN_UNINITIALIZED_AUTOS = YES_AGGRESSIVE;
				GCC_WARN_UNUSED_FUNCTION = YES;
				GCC_WARN_UNUSED_VARIABLE = YES;
				IPHONEOS_DEPLOYMENT_TARGET = 8.3;
				MTL_ENABLE_DEBUG_INFO = YES;
				ONLY_ACTIVE_ARCH = YES;
				PROVISIONING_PROFILE = "d852db53-7cdb-4e65-8c3e-a629b47639ee";
				SDKROOT = iphoneos;
				SWIFT_OPTIMIZATION_LEVEL = "-Onone";
				TARGETED_DEVICE_FAMILY = "1,2";
			};
			name = Debug;
		};
		5B3C6A701B0B5A940099A65C /* Release */ = {
			isa = XCBuildConfiguration;
			buildSettings = {
				ALWAYS_SEARCH_USER_PATHS = NO;
				CLANG_CXX_LANGUAGE_STANDARD = "gnu++0x";
				CLANG_CXX_LIBRARY = "libc++";
				CLANG_ENABLE_MODULES = YES;
				CLANG_ENABLE_OBJC_ARC = YES;
				CLANG_WARN_BOOL_CONVERSION = YES;
				CLANG_WARN_CONSTANT_CONVERSION = YES;
				CLANG_WARN_DIRECT_OBJC_ISA_USAGE = YES_ERROR;
				CLANG_WARN_EMPTY_BODY = YES;
				CLANG_WARN_ENUM_CONVERSION = YES;
				CLANG_WARN_INT_CONVERSION = YES;
				CLANG_WARN_OBJC_ROOT_CLASS = YES_ERROR;
				CLANG_WARN_UNREACHABLE_CODE = YES;
				CLANG_WARN__DUPLICATE_METHOD_MATCH = YES;
				CODE_SIGN_IDENTITY = "iPhone Distribution";
				"CODE_SIGN_IDENTITY[sdk=iphoneos*]" = "iPhone Distribution";
				COPY_PHASE_STRIP = NO;
				DEBUG_INFORMATION_FORMAT = "dwarf-with-dsym";
				ENABLE_NS_ASSERTIONS = NO;
				ENABLE_STRICT_OBJC_MSGSEND = YES;
				GCC_C_LANGUAGE_STANDARD = gnu99;
				GCC_NO_COMMON_BLOCKS = YES;
				GCC_WARN_64_TO_32_BIT_CONVERSION = YES;
				GCC_WARN_ABOUT_RETURN_TYPE = YES_ERROR;
				GCC_WARN_UNDECLARED_SELECTOR = YES;
				GCC_WARN_UNINITIALIZED_AUTOS = YES_AGGRESSIVE;
				GCC_WARN_UNUSED_FUNCTION = YES;
				GCC_WARN_UNUSED_VARIABLE = YES;
				IPHONEOS_DEPLOYMENT_TARGET = 8.3;
				MTL_ENABLE_DEBUG_INFO = NO;
				PROVISIONING_PROFILE = "f58ea4e4-4962-4a6a-99be-6fb110caa27f";
				SDKROOT = iphoneos;
				TARGETED_DEVICE_FAMILY = "1,2";
				VALIDATE_PRODUCT = YES;
			};
			name = Release;
		};
		5B3C6A721B0B5A940099A65C /* Debug */ = {
			isa = XCBuildConfiguration;
			buildSettings = {
				ASSETCATALOG_COMPILER_APPICON_NAME = AppIcon;
				CODE_SIGN_IDENTITY = "iPhone Developer: Martin Kautz (5CL7HE474F)";
				"CODE_SIGN_IDENTITY[sdk=iphoneos*]" = "iPhone Developer: Martin Kautz (5CL7HE474F)";
				CURRENT_PROJECT_VERSION = 3;
				FRAMEWORK_SEARCH_PATHS = (
					"$(inherited)",
					"$(PROJECT_DIR)",
					"$(PROJECT_DIR)/Vendor/HockeySDK.embeddedframework",
				);
				INFOPLIST_FILE = Rang/Info.plist;
				IPHONEOS_DEPLOYMENT_TARGET = 8.0;
				LD_RUNPATH_SEARCH_PATHS = "$(inherited) @executable_path/Frameworks";
				PRODUCT_NAME = "Rangliste-A-Swift";
				PROVISIONING_PROFILE = "d852db53-7cdb-4e65-8c3e-a629b47639ee";
				VERSIONING_SYSTEM = "apple-generic";
			};
			name = Debug;
		};
		5B3C6A731B0B5A940099A65C /* Release */ = {
			isa = XCBuildConfiguration;
			buildSettings = {
				ASSETCATALOG_COMPILER_APPICON_NAME = AppIcon;
				CODE_SIGN_IDENTITY = "JAKOTA Cruise Systems GmbH";
				"CODE_SIGN_IDENTITY[sdk=iphoneos*]" = "JAKOTA Cruise Systems GmbH";
				CURRENT_PROJECT_VERSION = 3;
				FRAMEWORK_SEARCH_PATHS = (
					"$(inherited)",
					"$(PROJECT_DIR)",
					"$(PROJECT_DIR)/Vendor/HockeySDK.embeddedframework",
				);
				INFOPLIST_FILE = Rang/Info.plist;
				IPHONEOS_DEPLOYMENT_TARGET = 8.0;
				LD_RUNPATH_SEARCH_PATHS = "$(inherited) @executable_path/Frameworks";
				PRODUCT_NAME = "Rangliste-A-Swift";
				PROVISIONING_PROFILE = "f58ea4e4-4962-4a6a-99be-6fb110caa27f";
				VERSIONING_SYSTEM = "apple-generic";
			};
			name = Release;
		};
/* End XCBuildConfiguration section */

/* Begin XCConfigurationList section */
		5B3C6A4B1B0B5A940099A65C /* Build configuration list for PBXProject "Rangliste-A-Swift" */ = {
			isa = XCConfigurationList;
			buildConfigurations = (
				5B3C6A6F1B0B5A940099A65C /* Debug */,
				5B3C6A701B0B5A940099A65C /* Release */,
			);
			defaultConfigurationIsVisible = 0;
			defaultConfigurationName = Release;
		};
		5B3C6A711B0B5A940099A65C /* Build configuration list for PBXNativeTarget "Rangliste-A-Swift" */ = {
			isa = XCConfigurationList;
			buildConfigurations = (
				5B3C6A721B0B5A940099A65C /* Debug */,
				5B3C6A731B0B5A940099A65C /* Release */,
			);
			defaultConfigurationIsVisible = 0;
			defaultConfigurationName = Release;
		};
/* End XCConfigurationList section */
	};
	rootObject = 5B3C6A481B0B5A940099A65C /* Project object */;
}
